# This file is automatically @generated by Cargo.
# It is not intended for manual editing.
[[package]]
name = "crc16"
version = "0.4.0"
source = "registry+https://github.com/rust-lang/crates.io-index"

[[package]]
name = "rfidpos-proto"
version = "0.1.0"
dependencies = [
 "crc16 0.4.0 (registry+https://github.com/rust-lang/crates.io-index)",
 "static_assertions 1.1.0 (registry+https://github.com/rust-lang/crates.io-index)",
]

[[package]]
name = "rfidpos-tester"
version = "0.1.0"
dependencies = [
 "rfidpos-proto 0.1.0",
]

[[package]]
name = "static_assertions"
version = "1.1.0"
source = "registry+https://github.com/rust-lang/crates.io-index"

[metadata]
"checksum crc16 0.4.0 (registry+https://github.com/rust-lang/crates.io-index)" = "338089f42c427b86394a5ee60ff321da23a5c89c9d89514c829687b26359fcff"
"checksum static_assertions 1.1.0 (registry+https://github.com/rust-lang/crates.io-index)" = "a2eb9349b6444b326872e140eb1cf5e7c522154d69e7a0ffb0fb81c06b37543f"
